
Microsoft Visual Studio Solution File, Format Version 12.00
# Visual Studio 2012
Project("{FAE04EC0-301F-11D3-BF4B-00C04F79EFBC}") = "AngularStart", "AngularStart\AngularStart.csproj", "{9B8BF380-7F42-4F02-8107-2C03CA88527C}"
EndProject
Project("{2150E333-8FDC-42A3-9474-1A3956D46DE8}") = ".nuget", ".nuget", "{C84EAE62-892B-47F0-AE8F-025CE5858AE7}"
	ProjectSection(SolutionItems) = preProject
		.nuget\NuGet.Config = .nuget\NuGet.Config
		.nuget\NuGet.exe = .nuget\NuGet.exe
		.nuget\NuGet.targets = .nuget\NuGet.targets
	EndProjectSection
EndProject
Global
	GlobalSection(TeamFoundationVersionControl) = preSolution
		SccNumberOfProjects = 2
		SccEnterpriseProvider = {4CA58AB2-18FA-4F8D-95D4-32DDF27D184C}
		SccTeamFoundationServer = https://tfs.codeplex.com/tfs/tfs08
		SccLocalPath0 = .
		SccProjectUniqueName1 = AngularStart\\AngularStart.csproj
		SccProjectName1 = AngularStart
		SccLocalPath1 = AngularStart
	EndGlobalSection
	GlobalSection(SolutionConfigurationPlatforms) = preSolution
		Debug|Any CPU = Debug|Any CPU
		Release|Any CPU = Release|Any CPU
	EndGlobalSection
	GlobalSection(ProjectConfigurationPlatforms) = postSolution
		{9B8BF380-7F42-4F02-8107-2C03CA88527C}.Debug|Any CPU.ActiveCfg = Debug|Any CPU
		{9B8BF380-7F42-4F02-8107-2C03CA88527C}.Debug|Any CPU.Build.0 = Debug|Any CPU
		{9B8BF380-7F42-4F02-8107-2C03CA88527C}.Release|Any CPU.ActiveCfg = Release|Any CPU
		{9B8BF380-7F42-4F02-8107-2C03CA88527C}.Release|Any CPU.Build.0 = Release|Any CPU
	EndGlobalSection
	GlobalSection(SolutionProperties) = preSolution
		HideSolutionNode = FALSE
	EndGlobalSection
EndGlobal
